
Microsoft Visual Studio Solution File, Format Version 12.00
# Visual Studio Version 17
VisualStudioVersion = 17.4.33213.308
MinimumVisualStudioVersion = 10.0.40219.1
Project("{FAE04EC0-301F-11D3-BF4B-00C04F79EFBC}") = "Supercell.Laser.Server", "Supercell.Laser.Server\Supercell.Laser.Server.csproj", "{3DAFA953-CD18-4DD6-89A3-38209351982A}"
EndProject
Project("{FAE04EC0-301F-11D3-BF4B-00C04F79EFBC}") = "Supercell.Laser.Titan", "Supercell.Laser.Titan\Supercell.Laser.Titan.csproj", "{89DC3E2D-8E3D-408D-9914-47C37DFF3256}"
EndProject
Global
	GlobalSection(SolutionConfigurationPlatforms) = preSolution
		Debug|Any CPU = Debug|Any CPU
		Release|Any CPU = Release|Any CPU
	EndGlobalSection
	GlobalSection(ProjectConfigurationPlatforms) = postSolution
		{3DAFA953-CD18-4DD6-89A3-38209351982A}.Debug|Any CPU.ActiveCfg = Debug|Any CPU
		{3DAFA953-CD18-4DD6-89A3-38209351982A}.Debug|Any CPU.Build.0 = Debug|Any CPU
		{3DAFA953-CD18-4DD6-89A3-38209351982A}.Release|Any CPU.ActiveCfg = Release|Any CPU
		{3DAFA953-CD18-4DD6-89A3-38209351982A}.Release|Any CPU.Build.0 = Release|Any CPU
		{89DC3E2D-8E3D-408D-9914-47C37DFF3256}.Debug|Any CPU.ActiveCfg = Debug|Any CPU
		{89DC3E2D-8E3D-408D-9914-47C37DFF3256}.Debug|Any CPU.Build.0 = Debug|Any CPU
		{89DC3E2D-8E3D-408D-9914-47C37DFF3256}.Release|Any CPU.ActiveCfg = Release|Any CPU
		{89DC3E2D-8E3D-408D-9914-47C37DFF3256}.Release|Any CPU.Build.0 = Release|Any CPU
	EndGlobalSection
	GlobalSection(SolutionProperties) = preSolution
		HideSolutionNode = FALSE
	EndGlobalSection
	GlobalSection(ExtensibilityGlobals) = postSolution
		SolutionGuid = {E9C589EE-8A26-4AB7-8289-F515625502A3}
	EndGlobalSection
EndGlobal
